
Microsoft Visual Studio Solution File, Format Version 12.00
# Visual Studio Version 16
VisualStudioVersion = 25.0.1705.6
MinimumVisualStudioVersion = 10.0.40219.1
Project("{FAE04EC0-301F-11D3-BF4B-00C04F79EFBC}") = "SloppyJoeMenuGenerator", "SloppyJoeMenuGenerator.csproj", "{01261401-2707-4D3E-8157-5A2590572A99}"
EndProject
Global
	GlobalSection(SolutionConfigurationPlatforms) = preSolution
		Debug|Any CPU = Debug|Any CPU
		Release|Any CPU = Release|Any CPU
	EndGlobalSection
	GlobalSection(ProjectConfigurationPlatforms) = postSolution
		{01261401-2707-4D3E-8157-5A2590572A99}.Debug|Any CPU.ActiveCfg = Debug|Any CPU
		{01261401-2707-4D3E-8157-5A2590572A99}.Debug|Any CPU.Build.0 = Debug|Any CPU
		{01261401-2707-4D3E-8157-5A2590572A99}.Release|Any CPU.ActiveCfg = Release|Any CPU
		{01261401-2707-4D3E-8157-5A2590572A99}.Release|Any CPU.Build.0 = Release|Any CPU
	EndGlobalSection
	GlobalSection(SolutionProperties) = preSolution
		HideSolutionNode = FALSE
	EndGlobalSection
	GlobalSection(ExtensibilityGlobals) = postSolution
		SolutionGuid = {2B86919A-9FCC-4BB6-8CAA-8C0CD54497FD}
	EndGlobalSection
EndGlobal
